
Microsoft Visual Studio Solution File, Format Version 12.00
# Visual Studio Version 17
VisualStudioVersion = 17.8.34330.188
MinimumVisualStudioVersion = 10.0.40219.1
Project("{FAE04EC0-301F-11D3-BF4B-00C04F79EFBC}") = "HandsOnProgramFile", "HandsOnProgramFile.csproj", "{8C0B8D3B-07D5-4AE7-9EE7-4C3FFE9029FE}"
EndProject
Global
	GlobalSection(SolutionConfigurationPlatforms) = preSolution
		Debug|Any CPU = Debug|Any CPU
		Release|Any CPU = Release|Any CPU
	EndGlobalSection
	GlobalSection(ProjectConfigurationPlatforms) = postSolution
		{8C0B8D3B-07D5-4AE7-9EE7-4C3FFE9029FE}.Debug|Any CPU.ActiveCfg = Debug|Any CPU
		{8C0B8D3B-07D5-4AE7-9EE7-4C3FFE9029FE}.Debug|Any CPU.Build.0 = Debug|Any CPU
		{8C0B8D3B-07D5-4AE7-9EE7-4C3FFE9029FE}.Release|Any CPU.ActiveCfg = Release|Any CPU
		{8C0B8D3B-07D5-4AE7-9EE7-4C3FFE9029FE}.Release|Any CPU.Build.0 = Release|Any CPU
	EndGlobalSection
	GlobalSection(SolutionProperties) = preSolution
		HideSolutionNode = FALSE
	EndGlobalSection
	GlobalSection(ExtensibilityGlobals) = postSolution
		SolutionGuid = {D5C2935D-ED45-4A6C-97F8-FC2AC80DD72F}
	EndGlobalSection
EndGlobal
