
Microsoft Visual Studio Solution File, Format Version 12.00
# Visual Studio Version 17
VisualStudioVersion = 17.8.34330.188
MinimumVisualStudioVersion = 10.0.40219.1
Project("{FAE04EC0-301F-11D3-BF4B-00C04F79EFBC}") = "HandsOnLinq", "HandsOnLinq.csproj", "{925566E2-721A-4B08-9E5D-04A217BB03ED}"
EndProject
Global
	GlobalSection(SolutionConfigurationPlatforms) = preSolution
		Debug|Any CPU = Debug|Any CPU
		Release|Any CPU = Release|Any CPU
	EndGlobalSection
	GlobalSection(ProjectConfigurationPlatforms) = postSolution
		{925566E2-721A-4B08-9E5D-04A217BB03ED}.Debug|Any CPU.ActiveCfg = Debug|Any CPU
		{925566E2-721A-4B08-9E5D-04A217BB03ED}.Debug|Any CPU.Build.0 = Debug|Any CPU
		{925566E2-721A-4B08-9E5D-04A217BB03ED}.Release|Any CPU.ActiveCfg = Release|Any CPU
		{925566E2-721A-4B08-9E5D-04A217BB03ED}.Release|Any CPU.Build.0 = Release|Any CPU
	EndGlobalSection
	GlobalSection(SolutionProperties) = preSolution
		HideSolutionNode = FALSE
	EndGlobalSection
	GlobalSection(ExtensibilityGlobals) = postSolution
		SolutionGuid = {889226B5-7C87-4C74-9836-6D93C639C628}
	EndGlobalSection
EndGlobal
