
Microsoft Visual Studio Solution File, Format Version 12.00
# Visual Studio Version 17
VisualStudioVersion = 17.8.34330.188
MinimumVisualStudioVersion = 10.0.40219.1
Project("{FAE04EC0-301F-11D3-BF4B-00C04F79EFBC}") = "HandsOnDependencyInjection", "HandsOnDependencyInjection.csproj", "{78A40336-FA13-4DC7-BB01-9C9FC311485F}"
EndProject
Global
	GlobalSection(SolutionConfigurationPlatforms) = preSolution
		Debug|Any CPU = Debug|Any CPU
		Release|Any CPU = Release|Any CPU
	EndGlobalSection
	GlobalSection(ProjectConfigurationPlatforms) = postSolution
		{78A40336-FA13-4DC7-BB01-9C9FC311485F}.Debug|Any CPU.ActiveCfg = Debug|Any CPU
		{78A40336-FA13-4DC7-BB01-9C9FC311485F}.Debug|Any CPU.Build.0 = Debug|Any CPU
		{78A40336-FA13-4DC7-BB01-9C9FC311485F}.Release|Any CPU.ActiveCfg = Release|Any CPU
		{78A40336-FA13-4DC7-BB01-9C9FC311485F}.Release|Any CPU.Build.0 = Release|Any CPU
	EndGlobalSection
	GlobalSection(SolutionProperties) = preSolution
		HideSolutionNode = FALSE
	EndGlobalSection
	GlobalSection(ExtensibilityGlobals) = postSolution
		SolutionGuid = {3044B818-39E9-4288-AC70-7BD9FF5D79ED}
	EndGlobalSection
EndGlobal
