
Microsoft Visual Studio Solution File, Format Version 12.00
# Visual Studio Version 17
VisualStudioVersion = 17.8.34330.188
MinimumVisualStudioVersion = 10.0.40219.1
Project("{FAE04EC0-301F-11D3-BF4B-00C04F79EFBC}") = "HandsOnAPIUsingModels1", "HandsOnAPIUsingModels1.csproj", "{229CAF5A-FA94-4763-BC9E-6BD9DCA2B4F1}"
EndProject
Global
	GlobalSection(SolutionConfigurationPlatforms) = preSolution
		Debug|Any CPU = Debug|Any CPU
		Release|Any CPU = Release|Any CPU
	EndGlobalSection
	GlobalSection(ProjectConfigurationPlatforms) = postSolution
		{229CAF5A-FA94-4763-BC9E-6BD9DCA2B4F1}.Debug|Any CPU.ActiveCfg = Debug|Any CPU
		{229CAF5A-FA94-4763-BC9E-6BD9DCA2B4F1}.Debug|Any CPU.Build.0 = Debug|Any CPU
		{229CAF5A-FA94-4763-BC9E-6BD9DCA2B4F1}.Release|Any CPU.ActiveCfg = Release|Any CPU
		{229CAF5A-FA94-4763-BC9E-6BD9DCA2B4F1}.Release|Any CPU.Build.0 = Release|Any CPU
	EndGlobalSection
	GlobalSection(SolutionProperties) = preSolution
		HideSolutionNode = FALSE
	EndGlobalSection
	GlobalSection(ExtensibilityGlobals) = postSolution
		SolutionGuid = {1C09A9F7-DE44-468D-9D08-8BDAB338170A}
	EndGlobalSection
EndGlobal
